// !$*UTF8*$!
{
	archiveVersion = 1;
	classes = {
	};
	objectVersion = 50;
	objects = {

/* Begin PBXBuildFile section */
		4038CE3D24CD61F300D167FA /* turtlerock.jpg in Resources */ = {isa = PBXBuildFile; fileRef = 4038CE3024CD61F300D167FA /* turtlerock.jpg */; };
		4038CE3E24CD61F300D167FA /* silversalmoncreek.jpg in Resources */ = {isa = PBXBuildFile; fileRef = 4038CE3124CD61F300D167FA /* silversalmoncreek.jpg */; };
		4038CE3F24CD61F300D167FA /* icybay.jpg in Resources */ = {isa = PBXBuildFile; fileRef = 4038CE3224CD61F300D167FA /* icybay.jpg */; };
		4038CE4024CD61F300D167FA /* lakemcdonald.jpg in Resources */ = {isa = PBXBuildFile; fileRef = 4038CE3324CD61F300D167FA /* lakemcdonald.jpg */; };
		4038CE4124CD61F300D167FA /* hiddenlake.jpg in Resources */ = {isa = PBXBuildFile; fileRef = 4038CE3424CD61F300D167FA /* hiddenlake.jpg */; };
		4038CE4224CD61F300D167FA /* twinlake.jpg in Resources */ = {isa = PBXBuildFile; fileRef = 4038CE3524CD61F300D167FA /* twinlake.jpg */; };
		4038CE4324CD61F300D167FA /* umbagog.jpg in Resources */ = {isa = PBXBuildFile; fileRef = 4038CE3624CD61F300D167FA /* umbagog.jpg */; };
		4038CE4424CD61F300D167FA /* landmarkData.json in Resources */ = {isa = PBXBuildFile; fileRef = 4038CE3724CD61F300D167FA /* landmarkData.json */; };
		4038CE4524CD61F300D167FA /* chincoteague.jpg in Resources */ = {isa = PBXBuildFile; fileRef = 4038CE3824CD61F300D167FA /* chincoteague.jpg */; };
		4038CE4624CD61F300D167FA /* yukon_charleyrivers.jpg in Resources */ = {isa = PBXBuildFile; fileRef = 4038CE3924CD61F300D167FA /* yukon_charleyrivers.jpg */; };
		4038CE4724CD61F300D167FA /* stmarylake.jpg in Resources */ = {isa = PBXBuildFile; fileRef = 4038CE3A24CD61F300D167FA /* stmarylake.jpg */; };
		4038CE4824CD61F300D167FA /* chilkoottrail.jpg in Resources */ = {isa = PBXBuildFile; fileRef = 4038CE3B24CD61F300D167FA /* chilkoottrail.jpg */; };
		4038CE4924CD61F300D167FA /* rainbowlake.jpg in Resources */ = {isa = PBXBuildFile; fileRef = 4038CE3C24CD61F300D167FA /* rainbowlake.jpg */; };
		4038CE4B24CD633F00D167FA /* LandmarkList.swift in Sources */ = {isa = PBXBuildFile; fileRef = 4038CE4A24CD633F00D167FA /* LandmarkList.swift */; };
		A288ADFA24CC26E8000E3180 /* Landmark.swift in Sources */ = {isa = PBXBuildFile; fileRef = A288ADF924CC26E8000E3180 /* Landmark.swift */; };
		A288ADFD24CC2AF0000E3180 /* LandmarkRow.swift in Sources */ = {isa = PBXBuildFile; fileRef = A288ADFC24CC2AF0000E3180 /* LandmarkRow.swift */; };
		A288AE1E24CC2F66000E3180 /* Data.swift in Sources */ = {isa = PBXBuildFile; fileRef = A288AE1D24CC2F66000E3180 /* Data.swift */; };
		A2C7F78B24C8096B00870F58 /* AppDelegate.swift in Sources */ = {isa = PBXBuildFile; fileRef = A2C7F78A24C8096B00870F58 /* AppDelegate.swift */; };
		A2C7F78D24C8096B00870F58 /* SceneDelegate.swift in Sources */ = {isa = PBXBuildFile; fileRef = A2C7F78C24C8096B00870F58 /* SceneDelegate.swift */; };
		A2C7F78F24C8096B00870F58 /* LandmarkDetail.swift in Sources */ = {isa = PBXBuildFile; fileRef = A2C7F78E24C8096B00870F58 /* LandmarkDetail.swift */; };
		A2C7F79124C8096D00870F58 /* Assets.xcassets in Resources */ = {isa = PBXBuildFile; fileRef = A2C7F79024C8096D00870F58 /* Assets.xcassets */; };
		A2C7F79424C8096D00870F58 /* Preview Assets.xcassets in Resources */ = {isa = PBXBuildFile; fileRef = A2C7F79324C8096D00870F58 /* Preview Assets.xcassets */; };
		A2C7F79724C8096D00870F58 /* LaunchScreen.storyboard in Resources */ = {isa = PBXBuildFile; fileRef = A2C7F79524C8096D00870F58 /* LaunchScreen.storyboard */; };
		A2FB37AB24CC1E9200476607 /* CircleImage.swift in Sources */ = {isa = PBXBuildFile; fileRef = A2FB37AA24CC1E9200476607 /* CircleImage.swift */; };
		A2FB37AD24CC1FDB00476607 /* MapView.swift in Sources */ = {isa = PBXBuildFile; fileRef = A2FB37AC24CC1FDB00476607 /* MapView.swift */; };
/* End PBXBuildFile section */

/* Begin PBXFileReference section */
		4038CE3024CD61F300D167FA /* turtlerock.jpg */ = {isa = PBXFileReference; lastKnownFileType = image.jpeg; path = turtlerock.jpg; sourceTree = "<group>"; };
		4038CE3124CD61F300D167FA /* silversalmoncreek.jpg */ = {isa = PBXFileReference; lastKnownFileType = image.jpeg; path = silversalmoncreek.jpg; sourceTree = "<group>"; };
		4038CE3224CD61F300D167FA /* icybay.jpg */ = {isa = PBXFileReference; lastKnownFileType = image.jpeg; path = icybay.jpg; sourceTree = "<group>"; };
		4038CE3324CD61F300D167FA /* lakemcdonald.jpg */ = {isa = PBXFileReference; lastKnownFileType = image.jpeg; path = lakemcdonald.jpg; sourceTree = "<group>"; };
		4038CE3424CD61F300D167FA /* hiddenlake.jpg */ = {isa = PBXFileReference; lastKnownFileType = image.jpeg; path = hiddenlake.jpg; sourceTree = "<group>"; };
		4038CE3524CD61F300D167FA /* twinlake.jpg */ = {isa = PBXFileReference; lastKnownFileType = image.jpeg; path = twinlake.jpg; sourceTree = "<group>"; };
		4038CE3624CD61F300D167FA /* umbagog.jpg */ = {isa = PBXFileReference; lastKnownFileType = image.jpeg; path = umbagog.jpg; sourceTree = "<group>"; };
		4038CE3724CD61F300D167FA /* landmarkData.json */ = {isa = PBXFileReference; fileEncoding = 4; lastKnownFileType = text.json; path = landmarkData.json; sourceTree = "<group>"; };
		4038CE3824CD61F300D167FA /* chincoteague.jpg */ = {isa = PBXFileReference; lastKnownFileType = image.jpeg; path = chincoteague.jpg; sourceTree = "<group>"; };
		4038CE3924CD61F300D167FA /* yukon_charleyrivers.jpg */ = {isa = PBXFileReference; lastKnownFileType = image.jpeg; path = yukon_charleyrivers.jpg; sourceTree = "<group>"; };
		4038CE3A24CD61F300D167FA /* stmarylake.jpg */ = {isa = PBXFileReference; lastKnownFileType = image.jpeg; path = stmarylake.jpg; sourceTree = "<group>"; };
		4038CE3B24CD61F300D167FA /* chilkoottrail.jpg */ = {isa = PBXFileReference; lastKnownFileType = image.jpeg; path = chilkoottrail.jpg; sourceTree = "<group>"; };
		4038CE3C24CD61F300D167FA /* rainbowlake.jpg */ = {isa = PBXFileReference; lastKnownFileType = image.jpeg; path = rainbowlake.jpg; sourceTree = "<group>"; };
		4038CE4A24CD633F00D167FA /* LandmarkList.swift */ = {isa = PBXFileReference; lastKnownFileType = sourcecode.swift; path = LandmarkList.swift; sourceTree = "<group>"; };
		A288ADF924CC26E8000E3180 /* Landmark.swift */ = {isa = PBXFileReference; lastKnownFileType = sourcecode.swift; path = Landmark.swift; sourceTree = "<group>"; };
		A288ADFC24CC2AF0000E3180 /* LandmarkRow.swift */ = {isa = PBXFileReference; lastKnownFileType = sourcecode.swift; path = LandmarkRow.swift; sourceTree = "<group>"; };
		A288AE1D24CC2F66000E3180 /* Data.swift */ = {isa = PBXFileReference; lastKnownFileType = sourcecode.swift; path = Data.swift; sourceTree = "<group>"; };
		A2C7F78724C8096B00870F58 /* Landmarks.app */ = {isa = PBXFileReference; explicitFileType = wrapper.application; includeInIndex = 0; path = Landmarks.app; sourceTree = BUILT_PRODUCTS_DIR; };
		A2C7F78A24C8096B00870F58 /* AppDelegate.swift */ = {isa = PBXFileReference; lastKnownFileType = sourcecode.swift; path = AppDelegate.swift; sourceTree = "<group>"; };
		A2C7F78C24C8096B00870F58 /* SceneDelegate.swift */ = {isa = PBXFileReference; lastKnownFileType = sourcecode.swift; path = SceneDelegate.swift; sourceTree = "<group>"; };
		A2C7F78E24C8096B00870F58 /* LandmarkDetail.swift */ = {isa = PBXFileReference; lastKnownFileType = sourcecode.swift; path = LandmarkDetail.swift; sourceTree = "<group>"; };
		A2C7F79024C8096D00870F58 /* Assets.xcassets */ = {isa = PBXFileReference; lastKnownFileType = folder.assetcatalog; path = Assets.xcassets; sourceTree = "<group>"; };
		A2C7F79324C8096D00870F58 /* Preview Assets.xcassets */ = {isa = PBXFileReference; lastKnownFileType = folder.assetcatalog; path = "Preview Assets.xcassets"; sourceTree = "<group>"; };
		A2C7F79624C8096D00870F58 /* Base */ = {isa = PBXFileReference; lastKnownFileType = file.storyboard; name = Base; path = Base.lproj/LaunchScreen.storyboard; sourceTree = "<group>"; };
		A2C7F79824C8096D00870F58 /* Info.plist */ = {isa = PBXFileReference; lastKnownFileType = text.plist.xml; path = Info.plist; sourceTree = "<group>"; };
		A2FB37AA24CC1E9200476607 /* CircleImage.swift */ = {isa = PBXFileReference; lastKnownFileType = sourcecode.swift; path = CircleImage.swift; sourceTree = "<group>"; };
		A2FB37AC24CC1FDB00476607 /* MapView.swift */ = {isa = PBXFileReference; lastKnownFileType = sourcecode.swift; path = MapView.swift; sourceTree = "<group>"; };
/* End PBXFileReference section */

/* Begin PBXFrameworksBuildPhase section */
		A2C7F78424C8096B00870F58 /* Frameworks */ = {
			isa = PBXFrameworksBuildPhase;
			buildActionMask = 2147483647;
			files = (
			);
			runOnlyForDeploymentPostprocessing = 0;
		};
/* End PBXFrameworksBuildPhase section */

/* Begin PBXGroup section */
		4038CE2F24CD61F300D167FA /* Resources */ = {
			isa = PBXGroup;
			children = (
				4038CE3024CD61F300D167FA /* turtlerock.jpg */,
				4038CE3124CD61F300D167FA /* silversalmoncreek.jpg */,
				4038CE3224CD61F300D167FA /* icybay.jpg */,
				4038CE3324CD61F300D167FA /* lakemcdonald.jpg */,
				4038CE3424CD61F300D167FA /* hiddenlake.jpg */,
				4038CE3524CD61F300D167FA /* twinlake.jpg */,
				4038CE3624CD61F300D167FA /* umbagog.jpg */,
				4038CE3724CD61F300D167FA /* landmarkData.json */,
				4038CE3824CD61F300D167FA /* chincoteague.jpg */,
				4038CE3924CD61F300D167FA /* yukon_charleyrivers.jpg */,
				4038CE3A24CD61F300D167FA /* stmarylake.jpg */,
				4038CE3B24CD61F300D167FA /* chilkoottrail.jpg */,
				4038CE3C24CD61F300D167FA /* rainbowlake.jpg */,
			);
			path = Resources;
			sourceTree = "<group>";
		};
		A288AE1C24CC2F49000E3180 /* Models */ = {
			isa = PBXGroup;
			children = (
				A288ADF924CC26E8000E3180 /* Landmark.swift */,
				A288AE1D24CC2F66000E3180 /* Data.swift */,
			);
			path = Models;
			sourceTree = "<group>";
		};
		A2C7F77E24C8096B00870F58 = {
			isa = PBXGroup;
			children = (
				A2C7F78924C8096B00870F58 /* Landmarks */,
				A2C7F78824C8096B00870F58 /* Products */,
			);
			sourceTree = "<group>";
		};
		A2C7F78824C8096B00870F58 /* Products */ = {
			isa = PBXGroup;
			children = (
				A2C7F78724C8096B00870F58 /* Landmarks.app */,
			);
			name = Products;
			sourceTree = "<group>";
		};
		A2C7F78924C8096B00870F58 /* Landmarks */ = {
			isa = PBXGroup;
			children = (
				4038CE2F24CD61F300D167FA /* Resources */,
				A288AE1C24CC2F49000E3180 /* Models */,
				A2C7F78A24C8096B00870F58 /* AppDelegate.swift */,
				A2C7F78C24C8096B00870F58 /* SceneDelegate.swift */,
				A2FB37AC24CC1FDB00476607 /* MapView.swift */,
				A2FB37AA24CC1E9200476607 /* CircleImage.swift */,
				A2C7F78E24C8096B00870F58 /* LandmarkDetail.swift */,
				A288ADFC24CC2AF0000E3180 /* LandmarkRow.swift */,
				4038CE4A24CD633F00D167FA /* LandmarkList.swift */,
				A2C7F79024C8096D00870F58 /* Assets.xcassets */,
				A2C7F79524C8096D00870F58 /* LaunchScreen.storyboard */,
				A2C7F79824C8096D00870F58 /* Info.plist */,
				A2C7F79224C8096D00870F58 /* Preview Content */,
			);
			path = Landmarks;
			sourceTree = "<group>";
		};
		A2C7F79224C8096D00870F58 /* Preview Content */ = {
			isa = PBXGroup;
			children = (
				A2C7F79324C8096D00870F58 /* Preview Assets.xcassets */,
			);
			path = "Preview Content";
			sourceTree = "<group>";
		};
/* End PBXGroup section */

/* Begin PBXNativeTarget section */
		A2C7F78624C8096B00870F58 /* Landmarks */ = {
			isa = PBXNativeTarget;
			buildConfigurationList = A2C7F79B24C8096D00870F58 /* Build configuration list for PBXNativeTarget "Landmarks" */;
			buildPhases = (
				A2C7F78324C8096B00870F58 /* Sources */,
				A2C7F78424C8096B00870F58 /* Frameworks */,
				A2C7F78524C8096B00870F58 /* Resources */,
			);
			buildRules = (
			);
			dependencies = (
			);
			name = Landmarks;
			productName = Landmarks;
			productReference = A2C7F78724C8096B00870F58 /* Landmarks.app */;
			productType = "com.apple.product-type.application";
		};
/* End PBXNativeTarget section */

/* Begin PBXProject section */
		A2C7F77F24C8096B00870F58 /* Project object */ = {
			isa = PBXProject;
			attributes = {
				LastSwiftUpdateCheck = 1150;
				LastUpgradeCheck = 1150;
				ORGANIZATIONNAME = sunner;
				TargetAttributes = {
					A2C7F78624C8096B00870F58 = {
						CreatedOnToolsVersion = 11.5;
					};
				};
			};
			buildConfigurationList = A2C7F78224C8096B00870F58 /* Build configuration list for PBXProject "Landmarks" */;
			compatibilityVersion = "Xcode 9.3";
			developmentRegion = en;
			hasScannedForEncodings = 0;
			knownRegions = (
				en,
				Base,
			);
			mainGroup = A2C7F77E24C8096B00870F58;
			productRefGroup = A2C7F78824C8096B00870F58 /* Products */;
			projectDirPath = "";
			projectRoot = "";
			targets = (
				A2C7F78624C8096B00870F58 /* Landmarks */,
			);
		};
/* End PBXProject section */

/* Begin PBXResourcesBuildPhase section */
		A2C7F78524C8096B00870F58 /* Resources */ = {
			isa = PBXResourcesBuildPhase;
			buildActionMask = 2147483647;
			files = (
				4038CE4024CD61F300D167FA /* lakemcdonald.jpg in Resources */,
				4038CE3E24CD61F300D167FA /* silversalmoncreek.jpg in Resources */,
				4038CE4424CD61F300D167FA /* landmarkData.json in Resources */,
				4038CE3D24CD61F300D167FA /* turtlerock.jpg in Resources */,
				A2C7F79724C8096D00870F58 /* LaunchScreen.storyboard in Resources */,
				4038CE4324CD61F300D167FA /* umbagog.jpg in Resources */,
				4038CE4724CD61F300D167FA /* stmarylake.jpg in Resources */,
				4038CE4524CD61F300D167FA /* chincoteague.jpg in Resources */,
				A2C7F79424C8096D00870F58 /* Preview Assets.xcassets in Resources */,
				4038CE3F24CD61F300D167FA /* icybay.jpg in Resources */,
				4038CE4224CD61F300D167FA /* twinlake.jpg in Resources */,
				4038CE4124CD61F300D167FA /* hiddenlake.jpg in Resources */,
				A2C7F79124C8096D00870F58 /* Assets.xcassets in Resources */,
				4038CE4924CD61F300D167FA /* rainbowlake.jpg in Resources */,
				4038CE4824CD61F300D167FA /* chilkoottrail.jpg in Resources */,
				4038CE4624CD61F300D167FA /* yukon_charleyrivers.jpg in Resources */,
			);
			runOnlyForDeploymentPostprocessing = 0;
		};
/* End PBXResourcesBuildPhase section */

/* Begin PBXSourcesBuildPhase section */
		A2C7F78324C8096B00870F58 /* Sources */ = {
			isa = PBXSourcesBuildPhase;
			buildActionMask = 2147483647;
			files = (
				A2C7F78B24C8096B00870F58 /* AppDelegate.swift in Sources */,
				A2FB37AB24CC1E9200476607 /* CircleImage.swift in Sources */,
				A2FB37AD24CC1FDB00476607 /* MapView.swift in Sources */,
				A2C7F78D24C8096B00870F58 /* SceneDelegate.swift in Sources */,
				4038CE4B24CD633F00D167FA /* LandmarkList.swift in Sources */,
				A2C7F78F24C8096B00870F58 /* LandmarkDetail.swift in Sources */,
				A288ADFD24CC2AF0000E3180 /* LandmarkRow.swift in Sources */,
				A288ADFA24CC26E8000E3180 /* Landmark.swift in Sources */,
				A288AE1E24CC2F66000E3180 /* Data.swift in Sources */,
			);
			runOnlyForDeploymentPostprocessing = 0;
		};
/* End PBXSourcesBuildPhase section */

/* Begin PBXVariantGroup section */
		A2C7F79524C8096D00870F58 /* LaunchScreen.storyboard */ = {
			isa = PBXVariantGroup;
			children = (
				A2C7F79624C8096D00870F58 /* Base */,
			);
			name = LaunchScreen.storyboard;
			sourceTree = "<group>";
		};
/* End PBXVariantGroup section */

/* Begin XCBuildConfiguration section */
		A2C7F79924C8096D00870F58 /* Debug */ = {
			isa = XCBuildConfiguration;
			buildSettings = {
				ALWAYS_SEARCH_USER_PATHS = NO;
				CLANG_ANALYZER_NONNULL = YES;
				CLANG_ANALYZER_NUMBER_OBJECT_CONVERSION = YES_AGGRESSIVE;
				CLANG_CXX_LANGUAGE_STANDARD = "gnu++14";
				CLANG_CXX_LIBRARY = "libc++";
				CLANG_ENABLE_MODULES = YES;
				CLANG_ENABLE_OBJC_ARC = YES;
				CLANG_ENABLE_OBJC_WEAK = YES;
				CLANG_WARN_BLOCK_CAPTURE_AUTORELEASING = YES;
				CLANG_WARN_BOOL_CONVERSION = YES;
				CLANG_WARN_COMMA = YES;
				CLANG_WARN_CONSTANT_CONVERSION = YES;
				CLANG_WARN_DEPRECATED_OBJC_IMPLEMENTATIONS = YES;
				CLANG_WARN_DIRECT_OBJC_ISA_USAGE = YES_ERROR;
				CLANG_WARN_DOCUMENTATION_COMMENTS = YES;
				CLANG_WARN_EMPTY_BODY = YES;
				CLANG_WARN_ENUM_CONVERSION = YES;
				CLANG_WARN_INFINITE_RECURSION = YES;
				CLANG_WARN_INT_CONVERSION = YES;
				CLANG_WARN_NON_LITERAL_NULL_CONVERSION = YES;
				CLANG_WARN_OBJC_IMPLICIT_RETAIN_SELF = YES;
				CLANG_WARN_OBJC_LITERAL_CONVERSION = YES;
				CLANG_WARN_OBJC_ROOT_CLASS = YES_ERROR;
				CLANG_WARN_RANGE_LOOP_ANALYSIS = YES;
				CLANG_WARN_STRICT_PROTOTYPES = YES;
				CLANG_WARN_SUSPICIOUS_MOVE = YES;
				CLANG_WARN_UNGUARDED_AVAILABILITY = YES_AGGRESSIVE;
				CLANG_WARN_UNREACHABLE_CODE = YES;
				CLANG_WARN__DUPLICATE_METHOD_MATCH = YES;
				COPY_PHASE_STRIP = NO;
				DEBUG_INFORMATION_FORMAT = dwarf;
				ENABLE_STRICT_OBJC_MSGSEND = YES;
				ENABLE_TESTABILITY = YES;
				GCC_C_LANGUAGE_STANDARD = gnu11;
				GCC_DYNAMIC_NO_PIC = NO;
				GCC_NO_COMMON_BLOCKS = YES;
				GCC_OPTIMIZATION_LEVEL = 0;
				GCC_PREPROCESSOR_DEFINITIONS = (
					"DEBUG=1",
					"$(inherited)",
				);
				GCC_WARN_64_TO_32_BIT_CONVERSION = YES;
				GCC_WARN_ABOUT_RETURN_TYPE = YES_ERROR;
				GCC_WARN_UNDECLARED_SELECTOR = YES;
				GCC_WARN_UNINITIALIZED_AUTOS = YES_AGGRESSIVE;
				GCC_WARN_UNUSED_FUNCTION = YES;
				GCC_WARN_UNUSED_VARIABLE = YES;
				IPHONEOS_DEPLOYMENT_TARGET = 13.5;
				MTL_ENABLE_DEBUG_INFO = INCLUDE_SOURCE;
				MTL_FAST_MATH = YES;
				ONLY_ACTIVE_ARCH = YES;
				SDKROOT = iphoneos;
				SWIFT_ACTIVE_COMPILATION_CONDITIONS = DEBUG;
				SWIFT_OPTIMIZATION_LEVEL = "-Onone";
			};
			name = Debug;
		};
		A2C7F79A24C8096D00870F58 /* Release */ = {
			isa = XCBuildConfiguration;
			buildSettings = {
				ALWAYS_SEARCH_USER_PATHS = NO;
				CLANG_ANALYZER_NONNULL = YES;
				CLANG_ANALYZER_NUMBER_OBJECT_CONVERSION = YES_AGGRESSIVE;
				CLANG_CXX_LANGUAGE_STANDARD = "gnu++14";
				CLANG_CXX_LIBRARY = "libc++";
				CLANG_ENABLE_MODULES = YES;
				CLANG_ENABLE_OBJC_ARC = YES;
				CLANG_ENABLE_OBJC_WEAK = YES;
				CLANG_WARN_BLOCK_CAPTURE_AUTORELEASING = YES;
				CLANG_WARN_BOOL_CONVERSION = YES;
				CLANG_WARN_COMMA = YES;
				CLANG_WARN_CONSTANT_CONVERSION = YES;
				CLANG_WARN_DEPRECATED_OBJC_IMPLEMENTATIONS = YES;
				CLANG_WARN_DIRECT_OBJC_ISA_USAGE = YES_ERROR;
				CLANG_WARN_DOCUMENTATION_COMMENTS = YES;
				CLANG_WARN_EMPTY_BODY = YES;
				CLANG_WARN_ENUM_CONVERSION = YES;
				CLANG_WARN_INFINITE_RECURSION = YES;
				CLANG_WARN_INT_CONVERSION = YES;
				CLANG_WARN_NON_LITERAL_NULL_CONVERSION = YES;
				CLANG_WARN_OBJC_IMPLICIT_RETAIN_SELF = YES;
				CLANG_WARN_OBJC_LITERAL_CONVERSION = YES;
				CLANG_WARN_OBJC_ROOT_CLASS = YES_ERROR;
				CLANG_WARN_RANGE_LOOP_ANALYSIS = YES;
				CLANG_WARN_STRICT_PROTOTYPES = YES;
				CLANG_WARN_SUSPICIOUS_MOVE = YES;
				CLANG_WARN_UNGUARDED_AVAILABILITY = YES_AGGRESSIVE;
				CLANG_WARN_UNREACHABLE_CODE = YES;
				CLANG_WARN__DUPLICATE_METHOD_MATCH = YES;
				COPY_PHASE_STRIP = NO;
				DEBUG_INFORMATION_FORMAT = "dwarf-with-dsym";
				ENABLE_NS_ASSERTIONS = NO;
				ENABLE_STRICT_OBJC_MSGSEND = YES;
				GCC_C_LANGUAGE_STANDARD = gnu11;
				GCC_NO_COMMON_BLOCKS = YES;
				GCC_WARN_64_TO_32_BIT_CONVERSION = YES;
				GCC_WARN_ABOUT_RETURN_TYPE = YES_ERROR;
				GCC_WARN_UNDECLARED_SELECTOR = YES;
				GCC_WARN_UNINITIALIZED_AUTOS = YES_AGGRESSIVE;
				GCC_WARN_UNUSED_FUNCTION = YES;
				GCC_WARN_UNUSED_VARIABLE = YES;
				IPHONEOS_DEPLOYMENT_TARGET = 13.5;
				MTL_ENABLE_DEBUG_INFO = NO;
				MTL_FAST_MATH = YES;
				SDKROOT = iphoneos;
				SWIFT_COMPILATION_MODE = wholemodule;
				SWIFT_OPTIMIZATION_LEVEL = "-O";
				VALIDATE_PRODUCT = YES;
			};
			name = Release;
		};
		A2C7F79C24C8096D00870F58 /* Debug */ = {
			isa = XCBuildConfiguration;
			buildSettings = {
				ASSETCATALOG_COMPILER_APPICON_NAME = AppIcon;
				CODE_SIGN_STYLE = Automatic;
				DEVELOPMENT_ASSET_PATHS = "\"Landmarks/Preview Content\"";
				DEVELOPMENT_TEAM = SGXHQWRM8R;
				ENABLE_PREVIEWS = YES;
				INFOPLIST_FILE = Landmarks/Info.plist;
				LD_RUNPATH_SEARCH_PATHS = (
					"$(inherited)",
					"@executable_path/Frameworks",
				);
				PRODUCT_BUNDLE_IDENTIFIER = sunner.Landmarks;
				PRODUCT_NAME = "$(TARGET_NAME)";
				SWIFT_VERSION = 5.0;
				TARGETED_DEVICE_FAMILY = "1,2";
			};
			name = Debug;
		};
		A2C7F79D24C8096D00870F58 /* Release */ = {
			isa = XCBuildConfiguration;
			buildSettings = {
				ASSETCATALOG_COMPILER_APPICON_NAME = AppIcon;
				CODE_SIGN_STYLE = Automatic;
				DEVELOPMENT_ASSET_PATHS = "\"Landmarks/Preview Content\"";
				DEVELOPMENT_TEAM = SGXHQWRM8R;
				ENABLE_PREVIEWS = YES;
				INFOPLIST_FILE = Landmarks/Info.plist;
				LD_RUNPATH_SEARCH_PATHS = (
					"$(inherited)",
					"@executable_path/Frameworks",
				);
				PRODUCT_BUNDLE_IDENTIFIER = sunner.Landmarks;
				PRODUCT_NAME = "$(TARGET_NAME)";
				SWIFT_VERSION = 5.0;
				TARGETED_DEVICE_FAMILY = "1,2";
			};
			name = Release;
		};
/* End XCBuildConfiguration section */

/* Begin XCConfigurationList section */
		A2C7F78224C8096B00870F58 /* Build configuration list for PBXProject "Landmarks" */ = {
			isa = XCConfigurationList;
			buildConfigurations = (
				A2C7F79924C8096D00870F58 /* Debug */,
				A2C7F79A24C8096D00870F58 /* Release */,
			);
			defaultConfigurationIsVisible = 0;
			defaultConfigurationName = Release;
		};
		A2C7F79B24C8096D00870F58 /* Build configuration list for PBXNativeTarget "Landmarks" */ = {
			isa = XCConfigurationList;
			buildConfigurations = (
				A2C7F79C24C8096D00870F58 /* Debug */,
				A2C7F79D24C8096D00870F58 /* Release */,
			);
			defaultConfigurationIsVisible = 0;
			defaultConfigurationName = Release;
		};
/* End XCConfigurationList section */
	};
	rootObject = A2C7F77F24C8096B00870F58 /* Project object */;
}
